
Microsoft Visual Studio Solution File, Format Version 12.00
# Visual Studio Version 17
VisualStudioVersion = 17.7.34031.279
MinimumVisualStudioVersion = 10.0.40219.1
Project("{888888A0-9F3D-457C-B088-3A5042F75D52}") = "novvela", "novvela.pyproj", "{F057E3D4-C684-498D-B29C-577456FE439D}"
EndProject
Global
	GlobalSection(SolutionConfigurationPlatforms) = preSolution
		Debug|Any CPU = Debug|Any CPU
		Release|Any CPU = Release|Any CPU
	EndGlobalSection
	GlobalSection(ProjectConfigurationPlatforms) = postSolution
		{F057E3D4-C684-498D-B29C-577456FE439D}.Debug|Any CPU.ActiveCfg = Debug|Any CPU
		{F057E3D4-C684-498D-B29C-577456FE439D}.Release|Any CPU.ActiveCfg = Release|Any CPU
	EndGlobalSection
	GlobalSection(SolutionProperties) = preSolution
		HideSolutionNode = FALSE
	EndGlobalSection
	GlobalSection(ExtensibilityGlobals) = postSolution
		SolutionGuid = {850E4A3C-8678-4795-8EE4-CC6883E7B332}
	EndGlobalSection
EndGlobal
